{
  "name": "@resume-jd/contracts",
  "version": "0.7.2",
  "lockfileVersion": 3,
  "requires": true,
  "packages": {
    "": {
      "name": "@resume-jd/contracts",
      "version": "0.7.2",
      "devDependencies": {
        "typescript": "^5.9.2"
      }
    },
    "../..": {
      "version": "0.7.2",
      "extraneous": true,
      "dependencies": {
        "@ant-design/icons": "^6.3.2",
        "@supabase/supabase-js": "^2.52.1",
        "antd": "^6.5.2",
        "mammoth": "^1.9.1",
        "pdfjs-dist": "^5.3.31",
        "react": "^19.2.8",
        "react-dom": "^19.2.8"
      },
      "devDependencies": {
        "@vitejs/plugin-react": "^5.2.0",
        "docx": "^9.5.1",
        "esbuild": "^0.25.6",
        "linkedom": "^0.18.12",
        "pdfkit": "^0.17.1",
        "vite": "^7.1.11"
      }
    },
    "node_modules/typescript": {
      "version": "5.9.3",
      "resolved": "https://registry.npmjs.org/typescript/-/typescript-5.9.3.tgz",
      "integrity": "sha512-jl1vZzPDinLr9eUt3J/t7V6FgNEw9QjvBPdysz9KfQDD41fQrC2Y4vKQdiaUpFT4bXlb1RHhLpp8wtm6M5TgSw==",
      "dev": true,
      "license": "Apache-2.0",
      "bin": {
        "tsc": "bin/tsc",
        "tsserver": "bin/tsserver"
      },
      "engines": {
        "node": ">=14.17"
      }
    }
  }
}
